
Microsoft Visual Studio Solution File, Format Version 12.00
# Visual Studio 14
VisualStudioVersion = 14.0.25420.1
MinimumVisualStudioVersion = 10.0.40219.1
Project("{FAE04EC0-301F-11D3-BF4B-00C04F79EFBC}") = "esis", "esis\esis.csproj", "{EACCBFAC-B0E2-4D59-984D-9B2C5867C83B}"
EndProject
Global
	GlobalSection(SolutionConfigurationPlatforms) = preSolution
		Debug|Any CPU = Debug|Any CPU
		Release|Any CPU = Release|Any CPU
	EndGlobalSection
	GlobalSection(ProjectConfigurationPlatforms) = postSolution
		{EACCBFAC-B0E2-4D59-984D-9B2C5867C83B}.Debug|Any CPU.ActiveCfg = Debug|Any CPU
		{EACCBFAC-B0E2-4D59-984D-9B2C5867C83B}.Debug|Any CPU.Build.0 = Debug|Any CPU
		{EACCBFAC-B0E2-4D59-984D-9B2C5867C83B}.Release|Any CPU.ActiveCfg = Release|Any CPU
		{EACCBFAC-B0E2-4D59-984D-9B2C5867C83B}.Release|Any CPU.Build.0 = Release|Any CPU
	EndGlobalSection
	GlobalSection(SolutionProperties) = preSolution
		HideSolutionNode = FALSE
	EndGlobalSection
EndGlobal
